
Microsoft Visual Studio Solution File, Format Version 12.00
# Visual Studio Version 17
VisualStudioVersion = 17.9.34728.123
MinimumVisualStudioVersion = 10.0.40219.1
Project("{FAE04EC0-301F-11D3-BF4B-00C04F79EFBC}") = "ExpensesManager.Server", "ExpensesManager.Server\ExpensesManager.Server.csproj", "{B2D13F29-F414-41B4-855A-BC22BA58E469}"
EndProject
Project("{54A90642-561A-4BB1-A94E-469ADEE60C69}") = "expensesmanager.client", "expensesmanager.client\expensesmanager.client.esproj", "{1888090E-3DFD-402F-AE78-8465BB31E12C}"
EndProject
Project("{FAE04EC0-301F-11D3-BF4B-00C04F79EFBC}") = "ExpensesManager.Server.Tests", "ExpensesManager.Server.Tests\ExpensesManager.Server.Tests.csproj", "{0B6FB129-C561-40D3-854D-A5C1453C6DF4}"
EndProject
Project("{FAE04EC0-301F-11D3-BF4B-00C04F79EFBC}") = "ExpensesManager.Server.IntegrationTests", "ExpensesManager.Server.IntegrationTests\ExpensesManager.Server.IntegrationTests.csproj", "{F24F9F77-279C-4017-AD08-849EA7A35ACB}"
EndProject
Global
	GlobalSection(SolutionConfigurationPlatforms) = preSolution
		Debug|Any CPU = Debug|Any CPU
		Release|Any CPU = Release|Any CPU
	EndGlobalSection
	GlobalSection(ProjectConfigurationPlatforms) = postSolution
		{B2D13F29-F414-41B4-855A-BC22BA58E469}.Debug|Any CPU.ActiveCfg = Debug|Any CPU
		{B2D13F29-F414-41B4-855A-BC22BA58E469}.Debug|Any CPU.Build.0 = Debug|Any CPU
		{B2D13F29-F414-41B4-855A-BC22BA58E469}.Release|Any CPU.ActiveCfg = Release|Any CPU
		{B2D13F29-F414-41B4-855A-BC22BA58E469}.Release|Any CPU.Build.0 = Release|Any CPU
		{1888090E-3DFD-402F-AE78-8465BB31E12C}.Debug|Any CPU.ActiveCfg = Debug|Any CPU
		{1888090E-3DFD-402F-AE78-8465BB31E12C}.Debug|Any CPU.Build.0 = Debug|Any CPU
		{1888090E-3DFD-402F-AE78-8465BB31E12C}.Debug|Any CPU.Deploy.0 = Debug|Any CPU
		{1888090E-3DFD-402F-AE78-8465BB31E12C}.Release|Any CPU.ActiveCfg = Release|Any CPU
		{1888090E-3DFD-402F-AE78-8465BB31E12C}.Release|Any CPU.Build.0 = Release|Any CPU
		{1888090E-3DFD-402F-AE78-8465BB31E12C}.Release|Any CPU.Deploy.0 = Release|Any CPU
		{0B6FB129-C561-40D3-854D-A5C1453C6DF4}.Debug|Any CPU.ActiveCfg = Debug|Any CPU
		{0B6FB129-C561-40D3-854D-A5C1453C6DF4}.Debug|Any CPU.Build.0 = Debug|Any CPU
		{0B6FB129-C561-40D3-854D-A5C1453C6DF4}.Release|Any CPU.ActiveCfg = Release|Any CPU
		{0B6FB129-C561-40D3-854D-A5C1453C6DF4}.Release|Any CPU.Build.0 = Release|Any CPU
		{F24F9F77-279C-4017-AD08-849EA7A35ACB}.Debug|Any CPU.ActiveCfg = Debug|Any CPU
		{F24F9F77-279C-4017-AD08-849EA7A35ACB}.Debug|Any CPU.Build.0 = Debug|Any CPU
		{F24F9F77-279C-4017-AD08-849EA7A35ACB}.Release|Any CPU.ActiveCfg = Release|Any CPU
		{F24F9F77-279C-4017-AD08-849EA7A35ACB}.Release|Any CPU.Build.0 = Release|Any CPU
	EndGlobalSection
	GlobalSection(SolutionProperties) = preSolution
		HideSolutionNode = FALSE
	EndGlobalSection
	GlobalSection(ExtensibilityGlobals) = postSolution
		SolutionGuid = {1ECADCC6-7993-4809-A4E8-F93D24FD6B09}
	EndGlobalSection
EndGlobal
